
Microsoft Visual Studio Solution File, Format Version 12.00
# Visual Studio Version 17
VisualStudioVersion = 17.14.37111.16 d17.14
MinimumVisualStudioVersion = 10.0.40219.1
Project("{FAE04EC0-301F-11D3-BF4B-00C04F79EFBC}") = "Proyecto_Sistema_Ventas", "Proyecto_Sistema_Ventas.csproj", "{A0410E48-E073-4324-9AB7-AE185B38F286}"
EndProject
Global
	GlobalSection(SolutionConfigurationPlatforms) = preSolution
		Debug|Any CPU = Debug|Any CPU
		Release|Any CPU = Release|Any CPU
	EndGlobalSection
	GlobalSection(ProjectConfigurationPlatforms) = postSolution
		{A0410E48-E073-4324-9AB7-AE185B38F286}.Debug|Any CPU.ActiveCfg = Debug|Any CPU
		{A0410E48-E073-4324-9AB7-AE185B38F286}.Debug|Any CPU.Build.0 = Debug|Any CPU
		{A0410E48-E073-4324-9AB7-AE185B38F286}.Release|Any CPU.ActiveCfg = Release|Any CPU
		{A0410E48-E073-4324-9AB7-AE185B38F286}.Release|Any CPU.Build.0 = Release|Any CPU
	EndGlobalSection
	GlobalSection(SolutionProperties) = preSolution
		HideSolutionNode = FALSE
	EndGlobalSection
	GlobalSection(ExtensibilityGlobals) = postSolution
		SolutionGuid = {7D34C7D8-836A-408D-B0B3-A0B1D04C5627}
	EndGlobalSection
EndGlobal
